// !$*UTF8*$!
{
	archiveVersion = 1;
	classes = {
	};
	objectVersion = 56;
	objects = {

/* Begin PBXBuildFile section */
		75BAAFE829E46D1F00B23E0C /* AppDelegate.swift in Sources */ = {isa = PBXBuildFile; fileRef = 75BAAFE729E46D1F00B23E0C /* AppDelegate.swift */; };
		75BAAFEA29E46D1F00B23E0C /* SceneDelegate.swift in Sources */ = {isa = PBXBuildFile; fileRef = 75BAAFE929E46D1F00B23E0C /* SceneDelegate.swift */; };
		75BAAFEC29E46D1F00B23E0C /* HomeViewController.swift in Sources */ = {isa = PBXBuildFile; fileRef = 75BAAFEB29E46D1F00B23E0C /* HomeViewController.swift */; };
		75BAAFEF29E46D1F00B23E0C /* Main.storyboard in Resources */ = {isa = PBXBuildFile; fileRef = 75BAAFED29E46D1F00B23E0C /* Main.storyboard */; };
		75BAAFF129E46D2200B23E0C /* Assets.xcassets in Resources */ = {isa = PBXBuildFile; fileRef = 75BAAFF029E46D2200B23E0C /* Assets.xcassets */; };
		75BAAFF429E46D2200B23E0C /* LaunchScreen.storyboard in Resources */ = {isa = PBXBuildFile; fileRef = 75BAAFF229E46D2200B23E0C /* LaunchScreen.storyboard */; };
		75BAAFFF29E46D2200B23E0C /* BMI_AppTests.swift in Sources */ = {isa = PBXBuildFile; fileRef = 75BAAFFE29E46D2200B23E0C /* BMI_AppTests.swift */; };
		75BAB00929E46D2200B23E0C /* BMI_AppUITests.swift in Sources */ = {isa = PBXBuildFile; fileRef = 75BAB00829E46D2200B23E0C /* BMI_AppUITests.swift */; };
		75BAB00B29E46D2200B23E0C /* BMI_AppUITestsLaunchTests.swift in Sources */ = {isa = PBXBuildFile; fileRef = 75BAB00A29E46D2200B23E0C /* BMI_AppUITestsLaunchTests.swift */; };
		75BAB01829E4723300B23E0C /* ResultViewController.swift in Sources */ = {isa = PBXBuildFile; fileRef = 75BAB01729E4723300B23E0C /* ResultViewController.swift */; };
/* End PBXBuildFile section */

/* Begin PBXContainerItemProxy section */
		75BAAFFB29E46D2200B23E0C /* PBXContainerItemProxy */ = {
			isa = PBXContainerItemProxy;
			containerPortal = 75BAAFDC29E46D1F00B23E0C /* Project object */;
			proxyType = 1;
			remoteGlobalIDString = 75BAAFE329E46D1F00B23E0C;
			remoteInfo = BMI_App;
		};
		75BAB00529E46D2200B23E0C /* PBXContainerItemProxy */ = {
			isa = PBXContainerItemProxy;
			containerPortal = 75BAAFDC29E46D1F00B23E0C /* Project object */;
			proxyType = 1;
			remoteGlobalIDString = 75BAAFE329E46D1F00B23E0C;
			remoteInfo = BMI_App;
		};
/* End PBXContainerItemProxy section */

/* Begin PBXFileReference section */
		75BAAFE429E46D1F00B23E0C /* BMI_App.app */ = {isa = PBXFileReference; explicitFileType = wrapper.application; includeInIndex = 0; path = BMI_App.app; sourceTree = BUILT_PRODUCTS_DIR; };
		75BAAFE729E46D1F00B23E0C /* AppDelegate.swift */ = {isa = PBXFileReference; lastKnownFileType = sourcecode.swift; path = AppDelegate.swift; sourceTree = "<group>"; };
		75BAAFE929E46D1F00B23E0C /* SceneDelegate.swift */ = {isa = PBXFileReference; lastKnownFileType = sourcecode.swift; path = SceneDelegate.swift; sourceTree = "<group>"; };
		75BAAFEB29E46D1F00B23E0C /* HomeViewController.swift */ = {isa = PBXFileReference; lastKnownFileType = sourcecode.swift; path = HomeViewController.swift; sourceTree = "<group>"; };
		75BAAFEE29E46D1F00B23E0C /* Base */ = {isa = PBXFileReference; lastKnownFileType = file.storyboard; name = Base; path = Base.lproj/Main.storyboard; sourceTree = "<group>"; };
		75BAAFF029E46D2200B23E0C /* Assets.xcassets */ = {isa = PBXFileReference; lastKnownFileType = folder.assetcatalog; path = Assets.xcassets; sourceTree = "<group>"; };
		75BAAFF329E46D2200B23E0C /* Base */ = {isa = PBXFileReference; lastKnownFileType = file.storyboard; name = Base; path = Base.lproj/LaunchScreen.storyboard; sourceTree = "<group>"; };
		75BAAFF529E46D2200B23E0C /* Info.plist */ = {isa = PBXFileReference; lastKnownFileType = text.plist.xml; path = Info.plist; sourceTree = "<group>"; };
		75BAAFFA29E46D2200B23E0C /* BMI_AppTests.xctest */ = {isa = PBXFileReference; explicitFileType = wrapper.cfbundle; includeInIndex = 0; path = BMI_AppTests.xctest; sourceTree = BUILT_PRODUCTS_DIR; };
		75BAAFFE29E46D2200B23E0C /* BMI_AppTests.swift */ = {isa = PBXFileReference; lastKnownFileType = sourcecode.swift; path = BMI_AppTests.swift; sourceTree = "<group>"; };
		75BAB00429E46D2200B23E0C /* BMI_AppUITests.xctest */ = {isa = PBXFileReference; explicitFileType = wrapper.cfbundle; includeInIndex = 0; path = BMI_AppUITests.xctest; sourceTree = BUILT_PRODUCTS_DIR; };
		75BAB00829E46D2200B23E0C /* BMI_AppUITests.swift */ = {isa = PBXFileReference; lastKnownFileType = sourcecode.swift; path = BMI_AppUITests.swift; sourceTree = "<group>"; };
		75BAB00A29E46D2200B23E0C /* BMI_AppUITestsLaunchTests.swift */ = {isa = PBXFileReference; lastKnownFileType = sourcecode.swift; path = BMI_AppUITestsLaunchTests.swift; sourceTree = "<group>"; };
		75BAB01729E4723300B23E0C /* ResultViewController.swift */ = {isa = PBXFileReference; lastKnownFileType = sourcecode.swift; path = ResultViewController.swift; sourceTree = "<group>"; };
/* End PBXFileReference section */

/* Begin PBXFrameworksBuildPhase section */
		75BAAFE129E46D1F00B23E0C /* Frameworks */ = {
			isa = PBXFrameworksBuildPhase;
			buildActionMask = 2147483647;
			files = (
			);
			runOnlyForDeploymentPostprocessing = 0;
		};
		75BAAFF729E46D2200B23E0C /* Frameworks */ = {
			isa = PBXFrameworksBuildPhase;
			buildActionMask = 2147483647;
			files = (
			);
			runOnlyForDeploymentPostprocessing = 0;
		};
		75BAB00129E46D2200B23E0C /* Frameworks */ = {
			isa = PBXFrameworksBuildPhase;
			buildActionMask = 2147483647;
			files = (
			);
			runOnlyForDeploymentPostprocessing = 0;
		};
/* End PBXFrameworksBuildPhase section */

/* Begin PBXGroup section */
		75BAAFDB29E46D1F00B23E0C = {
			isa = PBXGroup;
			children = (
				75BAAFE629E46D1F00B23E0C /* BMI_App */,
				75BAAFFD29E46D2200B23E0C /* BMI_AppTests */,
				75BAB00729E46D2200B23E0C /* BMI_AppUITests */,
				75BAAFE529E46D1F00B23E0C /* Products */,
			);
			sourceTree = "<group>";
		};
		75BAAFE529E46D1F00B23E0C /* Products */ = {
			isa = PBXGroup;
			children = (
				75BAAFE429E46D1F00B23E0C /* BMI_App.app */,
				75BAAFFA29E46D2200B23E0C /* BMI_AppTests.xctest */,
				75BAB00429E46D2200B23E0C /* BMI_AppUITests.xctest */,
			);
			name = Products;
			sourceTree = "<group>";
		};
		75BAAFE629E46D1F00B23E0C /* BMI_App */ = {
			isa = PBXGroup;
			children = (
				75BAAFE729E46D1F00B23E0C /* AppDelegate.swift */,
				75BAAFE929E46D1F00B23E0C /* SceneDelegate.swift */,
				75BAAFEB29E46D1F00B23E0C /* HomeViewController.swift */,
				75BAAFED29E46D1F00B23E0C /* Main.storyboard */,
				75BAAFF029E46D2200B23E0C /* Assets.xcassets */,
				75BAAFF229E46D2200B23E0C /* LaunchScreen.storyboard */,
				75BAAFF529E46D2200B23E0C /* Info.plist */,
				75BAB01729E4723300B23E0C /* ResultViewController.swift */,
			);
			path = BMI_App;
			sourceTree = "<group>";
		};
		75BAAFFD29E46D2200B23E0C /* BMI_AppTests */ = {
			isa = PBXGroup;
			children = (
				75BAAFFE29E46D2200B23E0C /* BMI_AppTests.swift */,
			);
			path = BMI_AppTests;
			sourceTree = "<group>";
		};
		75BAB00729E46D2200B23E0C /* BMI_AppUITests */ = {
			isa = PBXGroup;
			children = (
				75BAB00829E46D2200B23E0C /* BMI_AppUITests.swift */,
				75BAB00A29E46D2200B23E0C /* BMI_AppUITestsLaunchTests.swift */,
			);
			path = BMI_AppUITests;
			sourceTree = "<group>";
		};
/* End PBXGroup section */

/* Begin PBXNativeTarget section */
		75BAAFE329E46D1F00B23E0C /* BMI_App */ = {
			isa = PBXNativeTarget;
			buildConfigurationList = 75BAB00E29E46D2200B23E0C /* Build configuration list for PBXNativeTarget "BMI_App" */;
			buildPhases = (
				75BAAFE029E46D1F00B23E0C /* Sources */,
				75BAAFE129E46D1F00B23E0C /* Frameworks */,
				75BAAFE229E46D1F00B23E0C /* Resources */,
			);
			buildRules = (
			);
			dependencies = (
			);
			name = BMI_App;
			productName = BMI_App;
			productReference = 75BAAFE429E46D1F00B23E0C /* BMI_App.app */;
			productType = "com.apple.product-type.application";
		};
		75BAAFF929E46D2200B23E0C /* BMI_AppTests */ = {
			isa = PBXNativeTarget;
			buildConfigurationList = 75BAB01129E46D2200B23E0C /* Build configuration list for PBXNativeTarget "BMI_AppTests" */;
			buildPhases = (
				75BAAFF629E46D2200B23E0C /* Sources */,
				75BAAFF729E46D2200B23E0C /* Frameworks */,
				75BAAFF829E46D2200B23E0C /* Resources */,
			);
			buildRules = (
			);
			dependencies = (
				75BAAFFC29E46D2200B23E0C /* PBXTargetDependency */,
			);
			name = BMI_AppTests;
			productName = BMI_AppTests;
			productReference = 75BAAFFA29E46D2200B23E0C /* BMI_AppTests.xctest */;
			productType = "com.apple.product-type.bundle.unit-test";
		};
		75BAB00329E46D2200B23E0C /* BMI_AppUITests */ = {
			isa = PBXNativeTarget;
			buildConfigurationList = 75BAB01429E46D2200B23E0C /* Build configuration list for PBXNativeTarget "BMI_AppUITests" */;
			buildPhases = (
				75BAB00029E46D2200B23E0C /* Sources */,
				75BAB00129E46D2200B23E0C /* Frameworks */,
				75BAB00229E46D2200B23E0C /* Resources */,
			);
			buildRules = (
			);
			dependencies = (
				75BAB00629E46D2200B23E0C /* PBXTargetDependency */,
			);
			name = BMI_AppUITests;
			productName = BMI_AppUITests;
			productReference = 75BAB00429E46D2200B23E0C /* BMI_AppUITests.xctest */;
			productType = "com.apple.product-type.bundle.ui-testing";
		};
/* End PBXNativeTarget section */

/* Begin PBXProject section */
		75BAAFDC29E46D1F00B23E0C /* Project object */ = {
			isa = PBXProject;
			attributes = {
				BuildIndependentTargetsInParallel = 1;
				LastSwiftUpdateCheck = 1420;
				LastUpgradeCheck = 1420;
				TargetAttributes = {
					75BAAFE329E46D1F00B23E0C = {
						CreatedOnToolsVersion = 14.2;
					};
					75BAAFF929E46D2200B23E0C = {
						CreatedOnToolsVersion = 14.2;
						TestTargetID = 75BAAFE329E46D1F00B23E0C;
					};
					75BAB00329E46D2200B23E0C = {
						CreatedOnToolsVersion = 14.2;
						TestTargetID = 75BAAFE329E46D1F00B23E0C;
					};
				};
			};
			buildConfigurationList = 75BAAFDF29E46D1F00B23E0C /* Build configuration list for PBXProject "BMI_App" */;
			compatibilityVersion = "Xcode 14.0";
			developmentRegion = en;
			hasScannedForEncodings = 0;
			knownRegions = (
				en,
				Base,
			);
			mainGroup = 75BAAFDB29E46D1F00B23E0C;
			productRefGroup = 75BAAFE529E46D1F00B23E0C /* Products */;
			projectDirPath = "";
			projectRoot = "";
			targets = (
				75BAAFE329E46D1F00B23E0C /* BMI_App */,
				75BAAFF929E46D2200B23E0C /* BMI_AppTests */,
				75BAB00329E46D2200B23E0C /* BMI_AppUITests */,
			);
		};
/* End PBXProject section */

/* Begin PBXResourcesBuildPhase section */
		75BAAFE229E46D1F00B23E0C /* Resources */ = {
			isa = PBXResourcesBuildPhase;
			buildActionMask = 2147483647;
			files = (
				75BAAFF429E46D2200B23E0C /* LaunchScreen.storyboard in Resources */,
				75BAAFF129E46D2200B23E0C /* Assets.xcassets in Resources */,
				75BAAFEF29E46D1F00B23E0C /* Main.storyboard in Resources */,
			);
			runOnlyForDeploymentPostprocessing = 0;
		};
		75BAAFF829E46D2200B23E0C /* Resources */ = {
			isa = PBXResourcesBuildPhase;
			buildActionMask = 2147483647;
			files = (
			);
			runOnlyForDeploymentPostprocessing = 0;
		};
		75BAB00229E46D2200B23E0C /* Resources */ = {
			isa = PBXResourcesBuildPhase;
			buildActionMask = 2147483647;
			files = (
			);
			runOnlyForDeploymentPostprocessing = 0;
		};
/* End PBXResourcesBuildPhase section */

/* Begin PBXSourcesBuildPhase section */
		75BAAFE029E46D1F00B23E0C /* Sources */ = {
			isa = PBXSourcesBuildPhase;
			buildActionMask = 2147483647;
			files = (
				75BAAFEC29E46D1F00B23E0C /* HomeViewController.swift in Sources */,
				75BAAFE829E46D1F00B23E0C /* AppDelegate.swift in Sources */,
				75BAAFEA29E46D1F00B23E0C /* SceneDelegate.swift in Sources */,
				75BAB01829E4723300B23E0C /* ResultViewController.swift in Sources */,
			);
			runOnlyForDeploymentPostprocessing = 0;
		};
		75BAAFF629E46D2200B23E0C /* Sources */ = {
			isa = PBXSourcesBuildPhase;
			buildActionMask = 2147483647;
			files = (
				75BAAFFF29E46D2200B23E0C /* BMI_AppTests.swift in Sources */,
			);
			runOnlyForDeploymentPostprocessing = 0;
		};
		75BAB00029E46D2200B23E0C /* Sources */ = {
			isa = PBXSourcesBuildPhase;
			buildActionMask = 2147483647;
			files = (
				75BAB00929E46D2200B23E0C /* BMI_AppUITests.swift in Sources */,
				75BAB00B29E46D2200B23E0C /* BMI_AppUITestsLaunchTests.swift in Sources */,
			);
			runOnlyForDeploymentPostprocessing = 0;
		};
/* End PBXSourcesBuildPhase section */

/* Begin PBXTargetDependency section */
		75BAAFFC29E46D2200B23E0C /* PBXTargetDependency */ = {
			isa = PBXTargetDependency;
			target = 75BAAFE329E46D1F00B23E0C /* BMI_App */;
			targetProxy = 75BAAFFB29E46D2200B23E0C /* PBXContainerItemProxy */;
		};
		75BAB00629E46D2200B23E0C /* PBXTargetDependency */ = {
			isa = PBXTargetDependency;
			target = 75BAAFE329E46D1F00B23E0C /* BMI_App */;
			targetProxy = 75BAB00529E46D2200B23E0C /* PBXContainerItemProxy */;
		};
/* End PBXTargetDependency section */

/* Begin PBXVariantGroup section */
		75BAAFED29E46D1F00B23E0C /* Main.storyboard */ = {
			isa = PBXVariantGroup;
			children = (
				75BAAFEE29E46D1F00B23E0C /* Base */,
			);
			name = Main.storyboard;
			sourceTree = "<group>";
		};
		75BAAFF229E46D2200B23E0C /* LaunchScreen.storyboard */ = {
			isa = PBXVariantGroup;
			children = (
				75BAAFF329E46D2200B23E0C /* Base */,
			);
			name = LaunchScreen.storyboard;
			sourceTree = "<group>";
		};
/* End PBXVariantGroup section */

/* Begin XCBuildConfiguration section */
		75BAB00C29E46D2200B23E0C /* Debug */ = {
			isa = XCBuildConfiguration;
			buildSettings = {
				ALWAYS_SEARCH_USER_PATHS = NO;
				CLANG_ANALYZER_NONNULL = YES;
				CLANG_ANALYZER_NUMBER_OBJECT_CONVERSION = YES_AGGRESSIVE;
				CLANG_CXX_LANGUAGE_STANDARD = "gnu++20";
				CLANG_ENABLE_MODULES = YES;
				CLANG_ENABLE_OBJC_ARC = YES;
				CLANG_ENABLE_OBJC_WEAK = YES;
				CLANG_WARN_BLOCK_CAPTURE_AUTORELEASING = YES;
				CLANG_WARN_BOOL_CONVERSION = YES;
				CLANG_WARN_COMMA = YES;
				CLANG_WARN_CONSTANT_CONVERSION = YES;
				CLANG_WARN_DEPRECATED_OBJC_IMPLEMENTATIONS = YES;
				CLANG_WARN_DIRECT_OBJC_ISA_USAGE = YES_ERROR;
				CLANG_WARN_DOCUMENTATION_COMMENTS = YES;
				CLANG_WARN_EMPTY_BODY = YES;
				CLANG_WARN_ENUM_CONVERSION = YES;
				CLANG_WARN_INFINITE_RECURSION = YES;
				CLANG_WARN_INT_CONVERSION = YES;
				CLANG_WARN_NON_LITERAL_NULL_CONVERSION = YES;
				CLANG_WARN_OBJC_IMPLICIT_RETAIN_SELF = YES;
				CLANG_WARN_OBJC_LITERAL_CONVERSION = YES;
				CLANG_WARN_OBJC_ROOT_CLASS = YES_ERROR;
				CLANG_WARN_QUOTED_INCLUDE_IN_FRAMEWORK_HEADER = YES;
				CLANG_WARN_RANGE_LOOP_ANALYSIS = YES;
				CLANG_WARN_STRICT_PROTOTYPES = YES;
				CLANG_WARN_SUSPICIOUS_MOVE = YES;
				CLANG_WARN_UNGUARDED_AVAILABILITY = YES_AGGRESSIVE;
				CLANG_WARN_UNREACHABLE_CODE = YES;
				CLANG_WARN__DUPLICATE_METHOD_MATCH = YES;
				COPY_PHASE_STRIP = NO;
				DEBUG_INFORMATION_FORMAT = dwarf;
				ENABLE_STRICT_OBJC_MSGSEND = YES;
				ENABLE_TESTABILITY = YES;
				GCC_C_LANGUAGE_STANDARD = gnu11;
				GCC_DYNAMIC_NO_PIC = NO;
				GCC_NO_COMMON_BLOCKS = YES;
				GCC_OPTIMIZATION_LEVEL = 0;
				GCC_PREPROCESSOR_DEFINITIONS = (
					"DEBUG=1",
					"$(inherited)",
				);
				GCC_WARN_64_TO_32_BIT_CONVERSION = YES;
				GCC_WARN_ABOUT_RETURN_TYPE = YES_ERROR;
				GCC_WARN_UNDECLARED_SELECTOR = YES;
				GCC_WARN_UNINITIALIZED_AUTOS = YES_AGGRESSIVE;
				GCC_WARN_UNUSED_FUNCTION = YES;
				GCC_WARN_UNUSED_VARIABLE = YES;
				IPHONEOS_DEPLOYMENT_TARGET = 16.2;
				MTL_ENABLE_DEBUG_INFO = INCLUDE_SOURCE;
				MTL_FAST_MATH = YES;
				ONLY_ACTIVE_ARCH = YES;
				SDKROOT = iphoneos;
				SWIFT_ACTIVE_COMPILATION_CONDITIONS = DEBUG;
				SWIFT_OPTIMIZATION_LEVEL = "-Onone";
			};
			name = Debug;
		};
		75BAB00D29E46D2200B23E0C /* Release */ = {
			isa = XCBuildConfiguration;
			buildSettings = {
				ALWAYS_SEARCH_USER_PATHS = NO;
				CLANG_ANALYZER_NONNULL = YES;
				CLANG_ANALYZER_NUMBER_OBJECT_CONVERSION = YES_AGGRESSIVE;
				CLANG_CXX_LANGUAGE_STANDARD = "gnu++20";
				CLANG_ENABLE_MODULES = YES;
				CLANG_ENABLE_OBJC_ARC = YES;
				CLANG_ENABLE_OBJC_WEAK = YES;
				CLANG_WARN_BLOCK_CAPTURE_AUTORELEASING = YES;
				CLANG_WARN_BOOL_CONVERSION = YES;
				CLANG_WARN_COMMA = YES;
				CLANG_WARN_CONSTANT_CONVERSION = YES;
				CLANG_WARN_DEPRECATED_OBJC_IMPLEMENTATIONS = YES;
				CLANG_WARN_DIRECT_OBJC_ISA_USAGE = YES_ERROR;
				CLANG_WARN_DOCUMENTATION_COMMENTS = YES;
				CLANG_WARN_EMPTY_BODY = YES;
				CLANG_WARN_ENUM_CONVERSION = YES;
				CLANG_WARN_INFINITE_RECURSION = YES;
				CLANG_WARN_INT_CONVERSION = YES;
				CLANG_WARN_NON_LITERAL_NULL_CONVERSION = YES;
				CLANG_WARN_OBJC_IMPLICIT_RETAIN_SELF = YES;
				CLANG_WARN_OBJC_LITERAL_CONVERSION = YES;
				CLANG_WARN_OBJC_ROOT_CLASS = YES_ERROR;
				CLANG_WARN_QUOTED_INCLUDE_IN_FRAMEWORK_HEADER = YES;
				CLANG_WARN_RANGE_LOOP_ANALYSIS = YES;
				CLANG_WARN_STRICT_PROTOTYPES = YES;
				CLANG_WARN_SUSPICIOUS_MOVE = YES;
				CLANG_WARN_UNGUARDED_AVAILABILITY = YES_AGGRESSIVE;
				CLANG_WARN_UNREACHABLE_CODE = YES;
				CLANG_WARN__DUPLICATE_METHOD_MATCH = YES;
				COPY_PHASE_STRIP = NO;
				DEBUG_INFORMATION_FORMAT = "dwarf-with-dsym";
				ENABLE_NS_ASSERTIONS = NO;
				ENABLE_STRICT_OBJC_MSGSEND = YES;
				GCC_C_LANGUAGE_STANDARD = gnu11;
				GCC_NO_COMMON_BLOCKS = YES;
				GCC_WARN_64_TO_32_BIT_CONVERSION = YES;
				GCC_WARN_ABOUT_RETURN_TYPE = YES_ERROR;
				GCC_WARN_UNDECLARED_SELECTOR = YES;
				GCC_WARN_UNINITIALIZED_AUTOS = YES_AGGRESSIVE;
				GCC_WARN_UNUSED_FUNCTION = YES;
				GCC_WARN_UNUSED_VARIABLE = YES;
				IPHONEOS_DEPLOYMENT_TARGET = 16.2;
				MTL_ENABLE_DEBUG_INFO = NO;
				MTL_FAST_MATH = YES;
				SDKROOT = iphoneos;
				SWIFT_COMPILATION_MODE = wholemodule;
				SWIFT_OPTIMIZATION_LEVEL = "-O";
				VALIDATE_PRODUCT = YES;
			};
			name = Release;
		};
		75BAB00F29E46D2200B23E0C /* Debug */ = {
			isa = XCBuildConfiguration;
			buildSettings = {
				ASSETCATALOG_COMPILER_APPICON_NAME = AppIcon;
				ASSETCATALOG_COMPILER_GLOBAL_ACCENT_COLOR_NAME = AccentColor;
				CODE_SIGN_STYLE = Automatic;
				CURRENT_PROJECT_VERSION = 1;
				GENERATE_INFOPLIST_FILE = YES;
				INFOPLIST_FILE = BMI_App/Info.plist;
				INFOPLIST_KEY_UIApplicationSupportsIndirectInputEvents = YES;
				INFOPLIST_KEY_UILaunchStoryboardName = LaunchScreen;
				INFOPLIST_KEY_UIMainStoryboardFile = Main;
				INFOPLIST_KEY_UISupportedInterfaceOrientations_iPad = "UIInterfaceOrientationPortrait UIInterfaceOrientationPortraitUpsideDown UIInterfaceOrientationLandscapeLeft UIInterfaceOrientationLandscapeRight";
				INFOPLIST_KEY_UISupportedInterfaceOrientations_iPhone = "UIInterfaceOrientationPortrait UIInterfaceOrientationLandscapeLeft UIInterfaceOrientationLandscapeRight";
				LD_RUNPATH_SEARCH_PATHS = (
					"$(inherited)",
					"@executable_path/Frameworks",
				);
				MARKETING_VERSION = 1.0;
				PRODUCT_BUNDLE_IDENTIFIER = "nwmsu.BMI-App";
				PRODUCT_NAME = "$(TARGET_NAME)";
				SWIFT_EMIT_LOC_STRINGS = YES;
				SWIFT_VERSION = 5.0;
				TARGETED_DEVICE_FAMILY = "1,2";
			};
			name = Debug;
		};
		75BAB01029E46D2200B23E0C /* Release */ = {
			isa = XCBuildConfiguration;
			buildSettings = {
				ASSETCATALOG_COMPILER_APPICON_NAME = AppIcon;
				ASSETCATALOG_COMPILER_GLOBAL_ACCENT_COLOR_NAME = AccentColor;
				CODE_SIGN_STYLE = Automatic;
				CURRENT_PROJECT_VERSION = 1;
				GENERATE_INFOPLIST_FILE = YES;
				INFOPLIST_FILE = BMI_App/Info.plist;
				INFOPLIST_KEY_UIApplicationSupportsIndirectInputEvents = YES;
				INFOPLIST_KEY_UILaunchStoryboardName = LaunchScreen;
				INFOPLIST_KEY_UIMainStoryboardFile = Main;
				INFOPLIST_KEY_UISupportedInterfaceOrientations_iPad = "UIInterfaceOrientationPortrait UIInterfaceOrientationPortraitUpsideDown UIInterfaceOrientationLandscapeLeft UIInterfaceOrientationLandscapeRight";
				INFOPLIST_KEY_UISupportedInterfaceOrientations_iPhone = "UIInterfaceOrientationPortrait UIInterfaceOrientationLandscapeLeft UIInterfaceOrientationLandscapeRight";
				LD_RUNPATH_SEARCH_PATHS = (
					"$(inherited)",
					"@executable_path/Frameworks",
				);
				MARKETING_VERSION = 1.0;
				PRODUCT_BUNDLE_IDENTIFIER = "nwmsu.BMI-App";
				PRODUCT_NAME = "$(TARGET_NAME)";
				SWIFT_EMIT_LOC_STRINGS = YES;
				SWIFT_VERSION = 5.0;
				TARGETED_DEVICE_FAMILY = "1,2";
			};
			name = Release;
		};
		75BAB01229E46D2200B23E0C /* Debug */ = {
			isa = XCBuildConfiguration;
			buildSettings = {
				ALWAYS_EMBED_SWIFT_STANDARD_LIBRARIES = YES;
				BUNDLE_LOADER = "$(TEST_HOST)";
				CODE_SIGN_STYLE = Automatic;
				CURRENT_PROJECT_VERSION = 1;
				GENERATE_INFOPLIST_FILE = YES;
				IPHONEOS_DEPLOYMENT_TARGET = 16.2;
				MARKETING_VERSION = 1.0;
				PRODUCT_BUNDLE_IDENTIFIER = "nwmsu.BMI-AppTests";
				PRODUCT_NAME = "$(TARGET_NAME)";
				SWIFT_EMIT_LOC_STRINGS = NO;
				SWIFT_VERSION = 5.0;
				TARGETED_DEVICE_FAMILY = "1,2";
				TEST_HOST = "$(BUILT_PRODUCTS_DIR)/BMI_App.app/$(BUNDLE_EXECUTABLE_FOLDER_PATH)/BMI_App";
			};
			name = Debug;
		};
		75BAB01329E46D2200B23E0C /* Release */ = {
			isa = XCBuildConfiguration;
			buildSettings = {
				ALWAYS_EMBED_SWIFT_STANDARD_LIBRARIES = YES;
				BUNDLE_LOADER = "$(TEST_HOST)";
				CODE_SIGN_STYLE = Automatic;
				CURRENT_PROJECT_VERSION = 1;
				GENERATE_INFOPLIST_FILE = YES;
				IPHONEOS_DEPLOYMENT_TARGET = 16.2;
				MARKETING_VERSION = 1.0;
				PRODUCT_BUNDLE_IDENTIFIER = "nwmsu.BMI-AppTests";
				PRODUCT_NAME = "$(TARGET_NAME)";
				SWIFT_EMIT_LOC_STRINGS = NO;
				SWIFT_VERSION = 5.0;
				TARGETED_DEVICE_FAMILY = "1,2";
				TEST_HOST = "$(BUILT_PRODUCTS_DIR)/BMI_App.app/$(BUNDLE_EXECUTABLE_FOLDER_PATH)/BMI_App";
			};
			name = Release;
		};
		75BAB01529E46D2200B23E0C /* Debug */ = {
			isa = XCBuildConfiguration;
			buildSettings = {
				ALWAYS_EMBED_SWIFT_STANDARD_LIBRARIES = YES;
				CODE_SIGN_STYLE = Automatic;
				CURRENT_PROJECT_VERSION = 1;
				GENERATE_INFOPLIST_FILE = YES;
				MARKETING_VERSION = 1.0;
				PRODUCT_BUNDLE_IDENTIFIER = "nwmsu.BMI-AppUITests";
				PRODUCT_NAME = "$(TARGET_NAME)";
				SWIFT_EMIT_LOC_STRINGS = NO;
				SWIFT_VERSION = 5.0;
				TARGETED_DEVICE_FAMILY = "1,2";
				TEST_TARGET_NAME = BMI_App;
			};
			name = Debug;
		};
		75BAB01629E46D2200B23E0C /* Release */ = {
			isa = XCBuildConfiguration;
			buildSettings = {
				ALWAYS_EMBED_SWIFT_STANDARD_LIBRARIES = YES;
				CODE_SIGN_STYLE = Automatic;
				CURRENT_PROJECT_VERSION = 1;
				GENERATE_INFOPLIST_FILE = YES;
				MARKETING_VERSION = 1.0;
				PRODUCT_BUNDLE_IDENTIFIER = "nwmsu.BMI-AppUITests";
				PRODUCT_NAME = "$(TARGET_NAME)";
				SWIFT_EMIT_LOC_STRINGS = NO;
				SWIFT_VERSION = 5.0;
				TARGETED_DEVICE_FAMILY = "1,2";
				TEST_TARGET_NAME = BMI_App;
			};
			name = Release;
		};
/* End XCBuildConfiguration section */

/* Begin XCConfigurationList section */
		75BAAFDF29E46D1F00B23E0C /* Build configuration list for PBXProject "BMI_App" */ = {
			isa = XCConfigurationList;
			buildConfigurations = (
				75BAB00C29E46D2200B23E0C /* Debug */,
				75BAB00D29E46D2200B23E0C /* Release */,
			);
			defaultConfigurationIsVisible = 0;
			defaultConfigurationName = Release;
		};
		75BAB00E29E46D2200B23E0C /* Build configuration list for PBXNativeTarget "BMI_App" */ = {
			isa = XCConfigurationList;
			buildConfigurations = (
				75BAB00F29E46D2200B23E0C /* Debug */,
				75BAB01029E46D2200B23E0C /* Release */,
			);
			defaultConfigurationIsVisible = 0;
			defaultConfigurationName = Release;
		};
		75BAB01129E46D2200B23E0C /* Build configuration list for PBXNativeTarget "BMI_AppTests" */ = {
			isa = XCConfigurationList;
			buildConfigurations = (
				75BAB01229E46D2200B23E0C /* Debug */,
				75BAB01329E46D2200B23E0C /* Release */,
			);
			defaultConfigurationIsVisible = 0;
			defaultConfigurationName = Release;
		};
		75BAB01429E46D2200B23E0C /* Build configuration list for PBXNativeTarget "BMI_AppUITests" */ = {
			isa = XCConfigurationList;
			buildConfigurations = (
				75BAB01529E46D2200B23E0C /* Debug */,
				75BAB01629E46D2200B23E0C /* Release */,
			);
			defaultConfigurationIsVisible = 0;
			defaultConfigurationName = Release;
		};
/* End XCConfigurationList section */
	};
	rootObject = 75BAAFDC29E46D1F00B23E0C /* Project object */;
}
